
Microsoft Visual Studio Solution File, Format Version 12.00
# Visual Studio Version 17
VisualStudioVersion = 17.6.33829.357
MinimumVisualStudioVersion = 10.0.40219.1
Project("{FAE04EC0-301F-11D3-BF4B-00C04F79EFBC}") = "CQRSProjet", "CQRSProjet.csproj", "{69AA18D6-798D-4BF4-9755-52C8DFE445B6}"
EndProject
Global
	GlobalSection(SolutionConfigurationPlatforms) = preSolution
		Debug|Any CPU = Debug|Any CPU
		Release|Any CPU = Release|Any CPU
	EndGlobalSection
	GlobalSection(ProjectConfigurationPlatforms) = postSolution
		{69AA18D6-798D-4BF4-9755-52C8DFE445B6}.Debug|Any CPU.ActiveCfg = Debug|Any CPU
		{69AA18D6-798D-4BF4-9755-52C8DFE445B6}.Debug|Any CPU.Build.0 = Debug|Any CPU
		{69AA18D6-798D-4BF4-9755-52C8DFE445B6}.Release|Any CPU.ActiveCfg = Release|Any CPU
		{69AA18D6-798D-4BF4-9755-52C8DFE445B6}.Release|Any CPU.Build.0 = Release|Any CPU
	EndGlobalSection
	GlobalSection(SolutionProperties) = preSolution
		HideSolutionNode = FALSE
	EndGlobalSection
	GlobalSection(ExtensibilityGlobals) = postSolution
		SolutionGuid = {E5DA5ABE-762D-4035-A672-1A84588D2907}
	EndGlobalSection
EndGlobal
